github.com/dieulot/instantclick v3.1.0+incompatible/go.mod h1:wsLe40wj03PAiS1Yv/apu920jdy3WAC9kvMk5T+4C20=
github.com/gohugoio/hugo-mod-jslibs/instantclick v0.0.0-20241031181856-7a105dbfd724 h1:+v4LJje9Nid3H9zWZsmSargInNsvN6llPNov5CiEVzw=
github.com/gohugoio/hugo-mod-jslibs/instantclick v0.0.0-20241031181856-7a105dbfd724/go.mod h1:tufUGuGDniyFO7GnM7R08AzdQPVlZ58VkI/QKrgVeAU=
